// !$*UTF8*$!
{
	archiveVersion = 1;
	classes = {
	};
	objectVersion = 46;
	objects = {

/* Begin PBXBuildFile section */
		33AD00A6125228521A3D5CB0 /* Pods_try2_0.framework in Frameworks */ = {isa = PBXBuildFile; fileRef = EC706F4578E1529195E42C0B /* Pods_try2_0.framework */; };
		58369495524E9CCB7C67E055 /* Pods_try2_0UITests.framework in Frameworks */ = {isa = PBXBuildFile; fileRef = 5104CE21475708D6114B0137 /* Pods_try2_0UITests.framework */; };
		A33E55631E28205C00ACA65F /* add_photo_ViewController.swift in Sources */ = {isa = PBXBuildFile; fileRef = A33E55621E28205C00ACA65F /* add_photo_ViewController.swift */; };
		A3798C2D1DFF033A00D3E9C9 /* AppDelegate.swift in Sources */ = {isa = PBXBuildFile; fileRef = A3798C2C1DFF033A00D3E9C9 /* AppDelegate.swift */; };
		A3798C2F1DFF033A00D3E9C9 /* TutoViewController.swift in Sources */ = {isa = PBXBuildFile; fileRef = A3798C2E1DFF033A00D3E9C9 /* TutoViewController.swift */; };
		A3798C321DFF033A00D3E9C9 /* Main.storyboard in Resources */ = {isa = PBXBuildFile; fileRef = A3798C301DFF033A00D3E9C9 /* Main.storyboard */; };
		A3798C341DFF033A00D3E9C9 /* Assets.xcassets in Resources */ = {isa = PBXBuildFile; fileRef = A3798C331DFF033A00D3E9C9 /* Assets.xcassets */; };
		A3798C371DFF033A00D3E9C9 /* LaunchScreen.storyboard in Resources */ = {isa = PBXBuildFile; fileRef = A3798C351DFF033A00D3E9C9 /* LaunchScreen.storyboard */; };
		B2C4F2261613E6B5051FFB4B /* Pods_try2_0Tests.framework in Frameworks */ = {isa = PBXBuildFile; fileRef = 22E440B47FE65E6D3ACC04AF /* Pods_try2_0Tests.framework */; };
		B61E76921E1273F200F3977F /* LoginViewController.swift in Sources */ = {isa = PBXBuildFile; fileRef = B61E76911E1273F200F3977F /* LoginViewController.swift */; };
		B62C62B11E25371B0045BB3F /* SettingsViewController.swift in Sources */ = {isa = PBXBuildFile; fileRef = B62C62B01E25371B0045BB3F /* SettingsViewController.swift */; };
		B62C62B31E258A760045BB3F /* GameViewController.swift in Sources */ = {isa = PBXBuildFile; fileRef = B62C62B21E258A760045BB3F /* GameViewController.swift */; };
		B692184D1E4C74CA00F645C5 /* GoogleService-Info.plist in Resources */ = {isa = PBXBuildFile; fileRef = B692184C1E4C74CA00F645C5 /* GoogleService-Info.plist */; };
		D3275E9A1E0AF2490039CF1D /* SignUpController.swift in Sources */ = {isa = PBXBuildFile; fileRef = D3275E991E0AF2490039CF1D /* SignUpController.swift */; };
		D3275E9C1E0AF56E0039CF1D /* ProfilController.swift in Sources */ = {isa = PBXBuildFile; fileRef = D3275E9B1E0AF56E0039CF1D /* ProfilController.swift */; };
/* End PBXBuildFile section */

/* Begin PBXContainerItemProxy section */
		A3798C3E1DFF033A00D3E9C9 /* PBXContainerItemProxy */ = {
			isa = PBXContainerItemProxy;
			containerPortal = A3798C211DFF033A00D3E9C9 /* Project object */;
			proxyType = 1;
			remoteGlobalIDString = A3798C281DFF033A00D3E9C9;
			remoteInfo = try2.0;
		};
		A3798C491DFF033A00D3E9C9 /* PBXContainerItemProxy */ = {
			isa = PBXContainerItemProxy;
			containerPortal = A3798C211DFF033A00D3E9C9 /* Project object */;
			proxyType = 1;
			remoteGlobalIDString = A3798C281DFF033A00D3E9C9;
			remoteInfo = try2.0;
		};
/* End PBXContainerItemProxy section */

/* Begin PBXFileReference section */
		12464FD9827D8BA52175E22F /* Pods-try2.0UITests.debug.xcconfig */ = {isa = PBXFileReference; includeInIndex = 1; lastKnownFileType = text.xcconfig; name = "Pods-try2.0UITests.debug.xcconfig"; path = "Pods/Target Support Files/Pods-try2.0UITests/Pods-try2.0UITests.debug.xcconfig"; sourceTree = "<group>"; };
		22E440B47FE65E6D3ACC04AF /* Pods_try2_0Tests.framework */ = {isa = PBXFileReference; explicitFileType = wrapper.framework; includeInIndex = 0; path = Pods_try2_0Tests.framework; sourceTree = BUILT_PRODUCTS_DIR; };
		4C9F0CF1C5FCE62120A3BD86 /* Pods-try2.0UITests.release.xcconfig */ = {isa = PBXFileReference; includeInIndex = 1; lastKnownFileType = text.xcconfig; name = "Pods-try2.0UITests.release.xcconfig"; path = "Pods/Target Support Files/Pods-try2.0UITests/Pods-try2.0UITests.release.xcconfig"; sourceTree = "<group>"; };
		5104CE21475708D6114B0137 /* Pods_try2_0UITests.framework */ = {isa = PBXFileReference; explicitFileType = wrapper.framework; includeInIndex = 0; path = Pods_try2_0UITests.framework; sourceTree = BUILT_PRODUCTS_DIR; };
		52EB2357B206D9DA050FDB38 /* Pods-try2.0.release.xcconfig */ = {isa = PBXFileReference; includeInIndex = 1; lastKnownFileType = text.xcconfig; name = "Pods-try2.0.release.xcconfig"; path = "Pods/Target Support Files/Pods-try2.0/Pods-try2.0.release.xcconfig"; sourceTree = "<group>"; };
		582D751BEBD6F8E9421D79B9 /* Pods-try2.0Tests.release.xcconfig */ = {isa = PBXFileReference; includeInIndex = 1; lastKnownFileType = text.xcconfig; name = "Pods-try2.0Tests.release.xcconfig"; path = "Pods/Target Support Files/Pods-try2.0Tests/Pods-try2.0Tests.release.xcconfig"; sourceTree = "<group>"; };
		6877378CC4645CE275F0E448 /* Pods-try2.0Tests.debug.xcconfig */ = {isa = PBXFileReference; includeInIndex = 1; lastKnownFileType = text.xcconfig; name = "Pods-try2.0Tests.debug.xcconfig"; path = "Pods/Target Support Files/Pods-try2.0Tests/Pods-try2.0Tests.debug.xcconfig"; sourceTree = "<group>"; };
		6A6261D8ACE7C62A744C5046 /* Pods-try2.0.debug.xcconfig */ = {isa = PBXFileReference; includeInIndex = 1; lastKnownFileType = text.xcconfig; name = "Pods-try2.0.debug.xcconfig"; path = "Pods/Target Support Files/Pods-try2.0/Pods-try2.0.debug.xcconfig"; sourceTree = "<group>"; };
		A33E55621E28205C00ACA65F /* add_photo_ViewController.swift */ = {isa = PBXFileReference; fileEncoding = 4; lastKnownFileType = sourcecode.swift; path = add_photo_ViewController.swift; sourceTree = "<group>"; };
		A3798C291DFF033A00D3E9C9 /* try2.0.app */ = {isa = PBXFileReference; explicitFileType = wrapper.application; includeInIndex = 0; path = try2.0.app; sourceTree = BUILT_PRODUCTS_DIR; };
		A3798C2C1DFF033A00D3E9C9 /* AppDelegate.swift */ = {isa = PBXFileReference; lastKnownFileType = sourcecode.swift; path = AppDelegate.swift; sourceTree = "<group>"; };
		A3798C2E1DFF033A00D3E9C9 /* TutoViewController.swift */ = {isa = PBXFileReference; lastKnownFileType = sourcecode.swift; path = TutoViewController.swift; sourceTree = "<group>"; };
		A3798C311DFF033A00D3E9C9 /* Base */ = {isa = PBXFileReference; lastKnownFileType = file.storyboard; name = Base; path = Base.lproj/Main.storyboard; sourceTree = "<group>"; };
		A3798C331DFF033A00D3E9C9 /* Assets.xcassets */ = {isa = PBXFileReference; lastKnownFileType = folder.assetcatalog; path = Assets.xcassets; sourceTree = "<group>"; };
		A3798C361DFF033A00D3E9C9 /* Base */ = {isa = PBXFileReference; lastKnownFileType = file.storyboard; name = Base; path = Base.lproj/LaunchScreen.storyboard; sourceTree = "<group>"; };
		A3798C381DFF033A00D3E9C9 /* Info.plist */ = {isa = PBXFileReference; lastKnownFileType = text.plist.xml; path = Info.plist; sourceTree = "<group>"; };
		A3798C3D1DFF033A00D3E9C9 /* try2.0Tests.xctest */ = {isa = PBXFileReference; explicitFileType = wrapper.cfbundle; includeInIndex = 0; path = try2.0Tests.xctest; sourceTree = BUILT_PRODUCTS_DIR; };
		A3798C481DFF033A00D3E9C9 /* try2.0UITests.xctest */ = {isa = PBXFileReference; explicitFileType = wrapper.cfbundle; includeInIndex = 0; path = try2.0UITests.xctest; sourceTree = BUILT_PRODUCTS_DIR; };
		B61E76911E1273F200F3977F /* LoginViewController.swift */ = {isa = PBXFileReference; fileEncoding = 4; lastKnownFileType = sourcecode.swift; path = LoginViewController.swift; sourceTree = "<group>"; };
		B61E76951E12921700F3977F /* Header.h */ = {isa = PBXFileReference; lastKnownFileType = sourcecode.c.h; path = Header.h; sourceTree = "<group>"; };
		B61E76961E13CD0200F3977F /* try2.0.entitlements */ = {isa = PBXFileReference; lastKnownFileType = text.plist.entitlements; path = try2.0.entitlements; sourceTree = "<group>"; };
		B62C62B01E25371B0045BB3F /* SettingsViewController.swift */ = {isa = PBXFileReference; fileEncoding = 4; lastKnownFileType = sourcecode.swift; path = SettingsViewController.swift; sourceTree = "<group>"; };
		B62C62B21E258A760045BB3F /* GameViewController.swift */ = {isa = PBXFileReference; fileEncoding = 4; lastKnownFileType = sourcecode.swift; path = GameViewController.swift; sourceTree = "<group>"; };
		B692184C1E4C74CA00F645C5 /* GoogleService-Info.plist */ = {isa = PBXFileReference; fileEncoding = 4; lastKnownFileType = text.plist.xml; path = "GoogleService-Info.plist"; sourceTree = "<group>"; };
		D3275E991E0AF2490039CF1D /* SignUpController.swift */ = {isa = PBXFileReference; fileEncoding = 4; lastKnownFileType = sourcecode.swift; path = SignUpController.swift; sourceTree = "<group>"; };
		D3275E9B1E0AF56E0039CF1D /* ProfilController.swift */ = {isa = PBXFileReference; fileEncoding = 4; lastKnownFileType = sourcecode.swift; path = ProfilController.swift; sourceTree = "<group>"; };
		EC706F4578E1529195E42C0B /* Pods_try2_0.framework */ = {isa = PBXFileReference; explicitFileType = wrapper.framework; includeInIndex = 0; path = Pods_try2_0.framework; sourceTree = BUILT_PRODUCTS_DIR; };
/* End PBXFileReference section */

/* Begin PBXFrameworksBuildPhase section */
		A3798C261DFF033A00D3E9C9 /* Frameworks */ = {
			isa = PBXFrameworksBuildPhase;
			buildActionMask = 2147483647;
			files = (
				33AD00A6125228521A3D5CB0 /* Pods_try2_0.framework in Frameworks */,
			);
			runOnlyForDeploymentPostprocessing = 0;
		};
		A3798C3A1DFF033A00D3E9C9 /* Frameworks */ = {
			isa = PBXFrameworksBuildPhase;
			buildActionMask = 2147483647;
			files = (
				B2C4F2261613E6B5051FFB4B /* Pods_try2_0Tests.framework in Frameworks */,
			);
			runOnlyForDeploymentPostprocessing = 0;
		};
		A3798C451DFF033A00D3E9C9 /* Frameworks */ = {
			isa = PBXFrameworksBuildPhase;
			buildActionMask = 2147483647;
			files = (
				58369495524E9CCB7C67E055 /* Pods_try2_0UITests.framework in Frameworks */,
			);
			runOnlyForDeploymentPostprocessing = 0;
		};
/* End PBXFrameworksBuildPhase section */

/* Begin PBXGroup section */
		58A4411E811B258EE398C046 /* Pods */ = {
			isa = PBXGroup;
			children = (
				6A6261D8ACE7C62A744C5046 /* Pods-try2.0.debug.xcconfig */,
				52EB2357B206D9DA050FDB38 /* Pods-try2.0.release.xcconfig */,
				6877378CC4645CE275F0E448 /* Pods-try2.0Tests.debug.xcconfig */,
				582D751BEBD6F8E9421D79B9 /* Pods-try2.0Tests.release.xcconfig */,
				12464FD9827D8BA52175E22F /* Pods-try2.0UITests.debug.xcconfig */,
				4C9F0CF1C5FCE62120A3BD86 /* Pods-try2.0UITests.release.xcconfig */,
			);
			name = Pods;
			sourceTree = "<group>";
		};
		A3798C201DFF033A00D3E9C9 = {
			isa = PBXGroup;
			children = (
				A3798C2B1DFF033A00D3E9C9 /* try2.0 */,
				A3798C2A1DFF033A00D3E9C9 /* Products */,
				58A4411E811B258EE398C046 /* Pods */,
				A6C8E0D8E8B9AD290402592C /* Frameworks */,
			);
			sourceTree = "<group>";
		};
		A3798C2A1DFF033A00D3E9C9 /* Products */ = {
			isa = PBXGroup;
			children = (
				A3798C291DFF033A00D3E9C9 /* try2.0.app */,
				A3798C3D1DFF033A00D3E9C9 /* try2.0Tests.xctest */,
				A3798C481DFF033A00D3E9C9 /* try2.0UITests.xctest */,
			);
			name = Products;
			sourceTree = "<group>";
		};
		A3798C2B1DFF033A00D3E9C9 /* try2.0 */ = {
			isa = PBXGroup;
			children = (
				B61E76961E13CD0200F3977F /* try2.0.entitlements */,
				A3798C2C1DFF033A00D3E9C9 /* AppDelegate.swift */,
				B62C62B01E25371B0045BB3F /* SettingsViewController.swift */,
				B692184C1E4C74CA00F645C5 /* GoogleService-Info.plist */,
				B61E76911E1273F200F3977F /* LoginViewController.swift */,
				B61E76951E12921700F3977F /* Header.h */,
				A3798C2E1DFF033A00D3E9C9 /* TutoViewController.swift */,
				B62C62B21E258A760045BB3F /* GameViewController.swift */,
				A33E55621E28205C00ACA65F /* add_photo_ViewController.swift */,
				D3275E991E0AF2490039CF1D /* SignUpController.swift */,
				A3798C301DFF033A00D3E9C9 /* Main.storyboard */,
				D3275E9B1E0AF56E0039CF1D /* ProfilController.swift */,
				A3798C331DFF033A00D3E9C9 /* Assets.xcassets */,
				A3798C351DFF033A00D3E9C9 /* LaunchScreen.storyboard */,
				A3798C381DFF033A00D3E9C9 /* Info.plist */,
			);
			path = try2.0;
			sourceTree = "<group>";
		};
		A6C8E0D8E8B9AD290402592C /* Frameworks */ = {
			isa = PBXGroup;
			children = (
				EC706F4578E1529195E42C0B /* Pods_try2_0.framework */,
				22E440B47FE65E6D3ACC04AF /* Pods_try2_0Tests.framework */,
				5104CE21475708D6114B0137 /* Pods_try2_0UITests.framework */,
			);
			name = Frameworks;
			sourceTree = "<group>";
		};
/* End PBXGroup section */

/* Begin PBXNativeTarget section */
		A3798C281DFF033A00D3E9C9 /* try2.0 */ = {
			isa = PBXNativeTarget;
			buildConfigurationList = A3798C511DFF033A00D3E9C9 /* Build configuration list for PBXNativeTarget "try2.0" */;
			buildPhases = (
				0FC5E07B623EFD7F34A4B4A3 /* [CP] Check Pods Manifest.lock */,
				A3798C251DFF033A00D3E9C9 /* Sources */,
				A3798C261DFF033A00D3E9C9 /* Frameworks */,
				A3798C271DFF033A00D3E9C9 /* Resources */,
				873266629C795E15E7E12709 /* [CP] Embed Pods Frameworks */,
				7EEAAB3AFDC7164646FEE3EC /* [CP] Copy Pods Resources */,
			);
			buildRules = (
			);
			dependencies = (
			);
			name = try2.0;
			productName = try2.0;
			productReference = A3798C291DFF033A00D3E9C9 /* try2.0.app */;
			productType = "com.apple.product-type.application";
		};
		A3798C3C1DFF033A00D3E9C9 /* try2.0Tests */ = {
			isa = PBXNativeTarget;
			buildConfigurationList = A3798C541DFF033A00D3E9C9 /* Build configuration list for PBXNativeTarget "try2.0Tests" */;
			buildPhases = (
				926F4139C1D1D60662D8CD19 /* [CP] Check Pods Manifest.lock */,
				A3798C391DFF033A00D3E9C9 /* Sources */,
				A3798C3A1DFF033A00D3E9C9 /* Frameworks */,
				A3798C3B1DFF033A00D3E9C9 /* Resources */,
				E847E1652A0E7686A0CDBBD6 /* [CP] Embed Pods Frameworks */,
				AA51EBB8CCA89DCFF2E325F0 /* [CP] Copy Pods Resources */,
			);
			buildRules = (
			);
			dependencies = (
				A3798C3F1DFF033A00D3E9C9 /* PBXTargetDependency */,
			);
			name = try2.0Tests;
			productName = try2.0Tests;
			productReference = A3798C3D1DFF033A00D3E9C9 /* try2.0Tests.xctest */;
			productType = "com.apple.product-type.bundle.unit-test";
		};
		A3798C471DFF033A00D3E9C9 /* try2.0UITests */ = {
			isa = PBXNativeTarget;
			buildConfigurationList = A3798C571DFF033A00D3E9C9 /* Build configuration list for PBXNativeTarget "try2.0UITests" */;
			buildPhases = (
				6429BE9C8F2414B7EB254329 /* [CP] Check Pods Manifest.lock */,
				A3798C441DFF033A00D3E9C9 /* Sources */,
				A3798C451DFF033A00D3E9C9 /* Frameworks */,
				A3798C461DFF033A00D3E9C9 /* Resources */,
				E4926C9AABB7FDC22A1B98B7 /* [CP] Embed Pods Frameworks */,
				CBFFC83363459139DD101169 /* [CP] Copy Pods Resources */,
			);
			buildRules = (
			);
			dependencies = (
				A3798C4A1DFF033A00D3E9C9 /* PBXTargetDependency */,
			);
			name = try2.0UITests;
			productName = try2.0UITests;
			productReference = A3798C481DFF033A00D3E9C9 /* try2.0UITests.xctest */;
			productType = "com.apple.product-type.bundle.ui-testing";
		};
/* End PBXNativeTarget section */

/* Begin PBXProject section */
		A3798C211DFF033A00D3E9C9 /* Project object */ = {
			isa = PBXProject;
			attributes = {
				LastSwiftUpdateCheck = 0810;
				LastUpgradeCheck = 0820;
				ORGANIZATIONNAME = KPS;
				TargetAttributes = {
					A3798C281DFF033A00D3E9C9 = {
						CreatedOnToolsVersion = 8.1;
						DevelopmentTeam = TQ4QLT966J;
						ProvisioningStyle = Automatic;
						SystemCapabilities = {
							com.apple.Keychain = {
								enabled = 1;
							};
						};
					};
					A3798C3C1DFF033A00D3E9C9 = {
						CreatedOnToolsVersion = 8.1;
						ProvisioningStyle = Automatic;
						TestTargetID = A3798C281DFF033A00D3E9C9;
					};
					A3798C471DFF033A00D3E9C9 = {
						CreatedOnToolsVersion = 8.1;
						ProvisioningStyle = Automatic;
						TestTargetID = A3798C281DFF033A00D3E9C9;
					};
				};
			};
			buildConfigurationList = A3798C241DFF033A00D3E9C9 /* Build configuration list for PBXProject "try2.0" */;
			compatibilityVersion = "Xcode 3.2";
			developmentRegion = English;
			hasScannedForEncodings = 0;
			knownRegions = (
				en,
				Base,
			);
			mainGroup = A3798C201DFF033A00D3E9C9;
			productRefGroup = A3798C2A1DFF033A00D3E9C9 /* Products */;
			projectDirPath = "";
			projectRoot = "";
			targets = (
				A3798C281DFF033A00D3E9C9 /* try2.0 */,
				A3798C3C1DFF033A00D3E9C9 /* try2.0Tests */,
				A3798C471DFF033A00D3E9C9 /* try2.0UITests */,
			);
		};
/* End PBXProject section */

/* Begin PBXResourcesBuildPhase section */
		A3798C271DFF033A00D3E9C9 /* Resources */ = {
			isa = PBXResourcesBuildPhase;
			buildActionMask = 2147483647;
			files = (
				A3798C371DFF033A00D3E9C9 /* LaunchScreen.storyboard in Resources */,
				B692184D1E4C74CA00F645C5 /* GoogleService-Info.plist in Resources */,
				A3798C341DFF033A00D3E9C9 /* Assets.xcassets in Resources */,
				A3798C321DFF033A00D3E9C9 /* Main.storyboard in Resources */,
			);
			runOnlyForDeploymentPostprocessing = 0;
		};
		A3798C3B1DFF033A00D3E9C9 /* Resources */ = {
			isa = PBXResourcesBuildPhase;
			buildActionMask = 2147483647;
			files = (
			);
			runOnlyForDeploymentPostprocessing = 0;
		};
		A3798C461DFF033A00D3E9C9 /* Resources */ = {
			isa = PBXResourcesBuildPhase;
			buildActionMask = 2147483647;
			files = (
			);
			runOnlyForDeploymentPostprocessing = 0;
		};
/* End PBXResourcesBuildPhase section */

/* Begin PBXShellScriptBuildPhase section */
		0FC5E07B623EFD7F34A4B4A3 /* [CP] Check Pods Manifest.lock */ = {
			isa = PBXShellScriptBuildPhase;
			buildActionMask = 2147483647;
			files = (
			);
			inputPaths = (
			);
			name = "[CP] Check Pods Manifest.lock";
			outputPaths = (
			);
			runOnlyForDeploymentPostprocessing = 0;
			shellPath = /bin/sh;
			shellScript = "diff \"${PODS_ROOT}/../Podfile.lock\" \"${PODS_ROOT}/Manifest.lock\" > /dev/null\nif [ $? != 0 ] ; then\n    # print error to STDERR\n    echo \"error: The sandbox is not in sync with the Podfile.lock. Run 'pod install' or update your CocoaPods installation.\" >&2\n    exit 1\nfi\n";
			showEnvVarsInLog = 0;
		};
		6429BE9C8F2414B7EB254329 /* [CP] Check Pods Manifest.lock */ = {
			isa = PBXShellScriptBuildPhase;
			buildActionMask = 2147483647;
			files = (
			);
			inputPaths = (
			);
			name = "[CP] Check Pods Manifest.lock";
			outputPaths = (
			);
			runOnlyForDeploymentPostprocessing = 0;
			shellPath = /bin/sh;
			shellScript = "diff \"${PODS_ROOT}/../Podfile.lock\" \"${PODS_ROOT}/Manifest.lock\" > /dev/null\nif [ $? != 0 ] ; then\n    # print error to STDERR\n    echo \"error: The sandbox is not in sync with the Podfile.lock. Run 'pod install' or update your CocoaPods installation.\" >&2\n    exit 1\nfi\n";
			showEnvVarsInLog = 0;
		};
		7EEAAB3AFDC7164646FEE3EC /* [CP] Copy Pods Resources */ = {
			isa = PBXShellScriptBuildPhase;
			buildActionMask = 2147483647;
			files = (
			);
			inputPaths = (
			);
			name = "[CP] Copy Pods Resources";
			outputPaths = (
			);
			runOnlyForDeploymentPostprocessing = 0;
			shellPath = /bin/sh;
			shellScript = "\"${SRCROOT}/Pods/Target Support Files/Pods-try2.0/Pods-try2.0-resources.sh\"\n";
			showEnvVarsInLog = 0;
		};
		873266629C795E15E7E12709 /* [CP] Embed Pods Frameworks */ = {
			isa = PBXShellScriptBuildPhase;
			buildActionMask = 2147483647;
			files = (
			);
			inputPaths = (
			);
			name = "[CP] Embed Pods Frameworks";
			outputPaths = (
			);
			runOnlyForDeploymentPostprocessing = 0;
			shellPath = /bin/sh;
			shellScript = "\"${SRCROOT}/Pods/Target Support Files/Pods-try2.0/Pods-try2.0-frameworks.sh\"\n";
			showEnvVarsInLog = 0;
		};
		926F4139C1D1D60662D8CD19 /* [CP] Check Pods Manifest.lock */ = {
			isa = PBXShellScriptBuildPhase;
			buildActionMask = 2147483647;
			files = (
			);
			inputPaths = (
			);
			name = "[CP] Check Pods Manifest.lock";
			outputPaths = (
			);
			runOnlyForDeploymentPostprocessing = 0;
			shellPath = /bin/sh;
			shellScript = "diff \"${PODS_ROOT}/../Podfile.lock\" \"${PODS_ROOT}/Manifest.lock\" > /dev/null\nif [ $? != 0 ] ; then\n    # print error to STDERR\n    echo \"error: The sandbox is not in sync with the Podfile.lock. Run 'pod install' or update your CocoaPods installation.\" >&2\n    exit 1\nfi\n";
			showEnvVarsInLog = 0;
		};
		AA51EBB8CCA89DCFF2E325F0 /* [CP] Copy Pods Resources */ = {
			isa = PBXShellScriptBuildPhase;
			buildActionMask = 2147483647;
			files = (
			);
			inputPaths = (
			);
			name = "[CP] Copy Pods Resources";
			outputPaths = (
			);
			runOnlyForDeploymentPostprocessing = 0;
			shellPath = /bin/sh;
			shellScript = "\"${SRCROOT}/Pods/Target Support Files/Pods-try2.0Tests/Pods-try2.0Tests-resources.sh\"\n";
			showEnvVarsInLog = 0;
		};
		CBFFC83363459139DD101169 /* [CP] Copy Pods Resources */ = {
			isa = PBXShellScriptBuildPhase;
			buildActionMask = 2147483647;
			files = (
			);
			inputPaths = (
			);
			name = "[CP] Copy Pods Resources";
			outputPaths = (
			);
			runOnlyForDeploymentPostprocessing = 0;
			shellPath = /bin/sh;
			shellScript = "\"${SRCROOT}/Pods/Target Support Files/Pods-try2.0UITests/Pods-try2.0UITests-resources.sh\"\n";
			showEnvVarsInLog = 0;
		};
		E4926C9AABB7FDC22A1B98B7 /* [CP] Embed Pods Frameworks */ = {
			isa = PBXShellScriptBuildPhase;
			buildActionMask = 2147483647;
			files = (
			);
			inputPaths = (
			);
			name = "[CP] Embed Pods Frameworks";
			outputPaths = (
			);
			runOnlyForDeploymentPostprocessing = 0;
			shellPath = /bin/sh;
			shellScript = "\"${SRCROOT}/Pods/Target Support Files/Pods-try2.0UITests/Pods-try2.0UITests-frameworks.sh\"\n";
			showEnvVarsInLog = 0;
		};
		E847E1652A0E7686A0CDBBD6 /* [CP] Embed Pods Frameworks */ = {
			isa = PBXShellScriptBuildPhase;
			buildActionMask = 2147483647;
			files = (
			);
			inputPaths = (
			);
			name = "[CP] Embed Pods Frameworks";
			outputPaths = (
			);
			runOnlyForDeploymentPostprocessing = 0;
			shellPath = /bin/sh;
			shellScript = "\"${SRCROOT}/Pods/Target Support Files/Pods-try2.0Tests/Pods-try2.0Tests-frameworks.sh\"\n";
			showEnvVarsInLog = 0;
		};
/* End PBXShellScriptBuildPhase section */

/* Begin PBXSourcesBuildPhase section */
		A3798C251DFF033A00D3E9C9 /* Sources */ = {
			isa = PBXSourcesBuildPhase;
			buildActionMask = 2147483647;
			files = (
				B61E76921E1273F200F3977F /* LoginViewController.swift in Sources */,
				A33E55631E28205C00ACA65F /* add_photo_ViewController.swift in Sources */,
				D3275E9C1E0AF56E0039CF1D /* ProfilController.swift in Sources */,
				B62C62B11E25371B0045BB3F /* SettingsViewController.swift in Sources */,
				A3798C2F1DFF033A00D3E9C9 /* TutoViewController.swift in Sources */,
				B62C62B31E258A760045BB3F /* GameViewController.swift in Sources */,
				A3798C2D1DFF033A00D3E9C9 /* AppDelegate.swift in Sources */,
				D3275E9A1E0AF2490039CF1D /* SignUpController.swift in Sources */,
			);
			runOnlyForDeploymentPostprocessing = 0;
		};
		A3798C391DFF033A00D3E9C9 /* Sources */ = {
			isa = PBXSourcesBuildPhase;
			buildActionMask = 2147483647;
			files = (
			);
			runOnlyForDeploymentPostprocessing = 0;
		};
		A3798C441DFF033A00D3E9C9 /* Sources */ = {
			isa = PBXSourcesBuildPhase;
			buildActionMask = 2147483647;
			files = (
			);
			runOnlyForDeploymentPostprocessing = 0;
		};
/* End PBXSourcesBuildPhase section */

/* Begin PBXTargetDependency section */
		A3798C3F1DFF033A00D3E9C9 /* PBXTargetDependency */ = {
			isa = PBXTargetDependency;
			target = A3798C281DFF033A00D3E9C9 /* try2.0 */;
			targetProxy = A3798C3E1DFF033A00D3E9C9 /* PBXContainerItemProxy */;
		};
		A3798C4A1DFF033A00D3E9C9 /* PBXTargetDependency */ = {
			isa = PBXTargetDependency;
			target = A3798C281DFF033A00D3E9C9 /* try2.0 */;
			targetProxy = A3798C491DFF033A00D3E9C9 /* PBXContainerItemProxy */;
		};
/* End PBXTargetDependency section */

/* Begin PBXVariantGroup section */
		A3798C301DFF033A00D3E9C9 /* Main.storyboard */ = {
			isa = PBXVariantGroup;
			children = (
				A3798C311DFF033A00D3E9C9 /* Base */,
			);
			name = Main.storyboard;
			sourceTree = "<group>";
		};
		A3798C351DFF033A00D3E9C9 /* LaunchScreen.storyboard */ = {
			isa = PBXVariantGroup;
			children = (
				A3798C361DFF033A00D3E9C9 /* Base */,
			);
			name = LaunchScreen.storyboard;
			sourceTree = "<group>";
		};
/* End PBXVariantGroup section */

/* Begin XCBuildConfiguration section */
		A3798C4F1DFF033A00D3E9C9 /* Debug */ = {
			isa = XCBuildConfiguration;
			buildSettings = {
				ALWAYS_SEARCH_USER_PATHS = NO;
				CLANG_ANALYZER_NONNULL = YES;
				CLANG_CXX_LANGUAGE_STANDARD = "gnu++0x";
				CLANG_CXX_LIBRARY = "libc++";
				CLANG_ENABLE_MODULES = YES;
				CLANG_ENABLE_OBJC_ARC = YES;
				CLANG_WARN_BOOL_CONVERSION = YES;
				CLANG_WARN_CONSTANT_CONVERSION = YES;
				CLANG_WARN_DIRECT_OBJC_ISA_USAGE = YES_ERROR;
				CLANG_WARN_DOCUMENTATION_COMMENTS = YES;
				CLANG_WARN_EMPTY_BODY = YES;
				CLANG_WARN_ENUM_CONVERSION = YES;
				CLANG_WARN_INFINITE_RECURSION = YES;
				CLANG_WARN_INT_CONVERSION = YES;
				CLANG_WARN_OBJC_ROOT_CLASS = YES_ERROR;
				CLANG_WARN_SUSPICIOUS_MOVE = YES;
				CLANG_WARN_SUSPICIOUS_MOVES = YES;
				CLANG_WARN_UNREACHABLE_CODE = YES;
				CLANG_WARN__DUPLICATE_METHOD_MATCH = YES;
				"CODE_SIGN_IDENTITY[sdk=iphoneos*]" = "iPhone Developer";
				COPY_PHASE_STRIP = NO;
				DEBUG_INFORMATION_FORMAT = dwarf;
				ENABLE_STRICT_OBJC_MSGSEND = YES;
				ENABLE_TESTABILITY = YES;
				GCC_C_LANGUAGE_STANDARD = gnu99;
				GCC_DYNAMIC_NO_PIC = NO;
				GCC_NO_COMMON_BLOCKS = YES;
				GCC_OPTIMIZATION_LEVEL = 0;
				GCC_PREPROCESSOR_DEFINITIONS = (
					"DEBUG=1",
					"$(inherited)",
				);
				GCC_WARN_64_TO_32_BIT_CONVERSION = YES;
				GCC_WARN_ABOUT_RETURN_TYPE = YES_ERROR;
				GCC_WARN_UNDECLARED_SELECTOR = YES;
				GCC_WARN_UNINITIALIZED_AUTOS = YES_AGGRESSIVE;
				GCC_WARN_UNUSED_FUNCTION = YES;
				GCC_WARN_UNUSED_VARIABLE = YES;
				IPHONEOS_DEPLOYMENT_TARGET = 10.1;
				MTL_ENABLE_DEBUG_INFO = YES;
				ONLY_ACTIVE_ARCH = YES;
				SDKROOT = iphoneos;
				SWIFT_ACTIVE_COMPILATION_CONDITIONS = DEBUG;
				SWIFT_OPTIMIZATION_LEVEL = "-Onone";
				TARGETED_DEVICE_FAMILY = "1,2";
			};
			name = Debug;
		};
		A3798C501DFF033A00D3E9C9 /* Release */ = {
			isa = XCBuildConfiguration;
			buildSettings = {
				ALWAYS_SEARCH_USER_PATHS = NO;
				CLANG_ANALYZER_NONNULL = YES;
				CLANG_CXX_LANGUAGE_STANDARD = "gnu++0x";
				CLANG_CXX_LIBRARY = "libc++";
				CLANG_ENABLE_MODULES = YES;
				CLANG_ENABLE_OBJC_ARC = YES;
				CLANG_WARN_BOOL_CONVERSION = YES;
				CLANG_WARN_CONSTANT_CONVERSION = YES;
				CLANG_WARN_DIRECT_OBJC_ISA_USAGE = YES_ERROR;
				CLANG_WARN_DOCUMENTATION_COMMENTS = YES;
				CLANG_WARN_EMPTY_BODY = YES;
				CLANG_WARN_ENUM_CONVERSION = YES;
				CLANG_WARN_INFINITE_RECURSION = YES;
				CLANG_WARN_INT_CONVERSION = YES;
				CLANG_WARN_OBJC_ROOT_CLASS = YES_ERROR;
				CLANG_WARN_SUSPICIOUS_MOVE = YES;
				CLANG_WARN_SUSPICIOUS_MOVES = YES;
				CLANG_WARN_UNREACHABLE_CODE = YES;
				CLANG_WARN__DUPLICATE_METHOD_MATCH = YES;
				"CODE_SIGN_IDENTITY[sdk=iphoneos*]" = "iPhone Developer";
				COPY_PHASE_STRIP = NO;
				DEBUG_INFORMATION_FORMAT = "dwarf-with-dsym";
				ENABLE_NS_ASSERTIONS = NO;
				ENABLE_STRICT_OBJC_MSGSEND = YES;
				GCC_C_LANGUAGE_STANDARD = gnu99;
				GCC_NO_COMMON_BLOCKS = YES;
				GCC_WARN_64_TO_32_BIT_CONVERSION = YES;
				GCC_WARN_ABOUT_RETURN_TYPE = YES_ERROR;
				GCC_WARN_UNDECLARED_SELECTOR = YES;
				GCC_WARN_UNINITIALIZED_AUTOS = YES_AGGRESSIVE;
				GCC_WARN_UNUSED_FUNCTION = YES;
				GCC_WARN_UNUSED_VARIABLE = YES;
				IPHONEOS_DEPLOYMENT_TARGET = 10.1;
				MTL_ENABLE_DEBUG_INFO = NO;
				SDKROOT = iphoneos;
				SWIFT_OPTIMIZATION_LEVEL = "-Owholemodule";
				TARGETED_DEVICE_FAMILY = "1,2";
				VALIDATE_PRODUCT = YES;
			};
			name = Release;
		};
		A3798C521DFF033A00D3E9C9 /* Debug */ = {
			isa = XCBuildConfiguration;
			baseConfigurationReference = 6A6261D8ACE7C62A744C5046 /* Pods-try2.0.debug.xcconfig */;
			buildSettings = {
				ASSETCATALOG_COMPILER_APPICON_NAME = AppIcon;
				CODE_SIGN_ENTITLEMENTS = try2.0/try2.0.entitlements;
				DEVELOPMENT_TEAM = TQ4QLT966J;
				INFOPLIST_FILE = try2.0/Info.plist;
				IPHONEOS_DEPLOYMENT_TARGET = 10.1;
				LD_RUNPATH_SEARCH_PATHS = "$(inherited) @executable_path/Frameworks";
				PRODUCT_BUNDLE_IDENTIFIER = com.HowOld;
				PRODUCT_NAME = "$(TARGET_NAME)";
				SWIFT_VERSION = 3.0;
			};
			name = Debug;
		};
		A3798C531DFF033A00D3E9C9 /* Release */ = {
			isa = XCBuildConfiguration;
			baseConfigurationReference = 52EB2357B206D9DA050FDB38 /* Pods-try2.0.release.xcconfig */;
			buildSettings = {
				ASSETCATALOG_COMPILER_APPICON_NAME = AppIcon;
				CODE_SIGN_ENTITLEMENTS = try2.0/try2.0.entitlements;
				DEVELOPMENT_TEAM = TQ4QLT966J;
				INFOPLIST_FILE = try2.0/Info.plist;
				IPHONEOS_DEPLOYMENT_TARGET = 10.1;
				LD_RUNPATH_SEARCH_PATHS = "$(inherited) @executable_path/Frameworks";
				PRODUCT_BUNDLE_IDENTIFIER = com.HowOld;
				PRODUCT_NAME = "$(TARGET_NAME)";
				SWIFT_VERSION = 3.0;
			};
			name = Release;
		};
		A3798C551DFF033A00D3E9C9 /* Debug */ = {
			isa = XCBuildConfiguration;
			baseConfigurationReference = 6877378CC4645CE275F0E448 /* Pods-try2.0Tests.debug.xcconfig */;
			buildSettings = {
				ALWAYS_EMBED_SWIFT_STANDARD_LIBRARIES = YES;
				BUNDLE_LOADER = "$(TEST_HOST)";
				INFOPLIST_FILE = try2.0Tests/Info.plist;
				LD_RUNPATH_SEARCH_PATHS = "$(inherited) @executable_path/Frameworks @loader_path/Frameworks";
				PRODUCT_BUNDLE_IDENTIFIER = "identifier.try2-0Tests";
				PRODUCT_NAME = "$(TARGET_NAME)";
				SWIFT_VERSION = 3.0;
				TEST_HOST = "$(BUILT_PRODUCTS_DIR)/try2.0.app/try2.0";
			};
			name = Debug;
		};
		A3798C561DFF033A00D3E9C9 /* Release */ = {
			isa = XCBuildConfiguration;
			baseConfigurationReference = 582D751BEBD6F8E9421D79B9 /* Pods-try2.0Tests.release.xcconfig */;
			buildSettings = {
				ALWAYS_EMBED_SWIFT_STANDARD_LIBRARIES = YES;
				BUNDLE_LOADER = "$(TEST_HOST)";
				INFOPLIST_FILE = try2.0Tests/Info.plist;
				LD_RUNPATH_SEARCH_PATHS = "$(inherited) @executable_path/Frameworks @loader_path/Frameworks";
				PRODUCT_BUNDLE_IDENTIFIER = "identifier.try2-0Tests";
				PRODUCT_NAME = "$(TARGET_NAME)";
				SWIFT_VERSION = 3.0;
				TEST_HOST = "$(BUILT_PRODUCTS_DIR)/try2.0.app/try2.0";
			};
			name = Release;
		};
		A3798C581DFF033A00D3E9C9 /* Debug */ = {
			isa = XCBuildConfiguration;
			baseConfigurationReference = 12464FD9827D8BA52175E22F /* Pods-try2.0UITests.debug.xcconfig */;
			buildSettings = {
				ALWAYS_EMBED_SWIFT_STANDARD_LIBRARIES = YES;
				INFOPLIST_FILE = try2.0UITests/Info.plist;
				LD_RUNPATH_SEARCH_PATHS = "$(inherited) @executable_path/Frameworks @loader_path/Frameworks";
				PRODUCT_BUNDLE_IDENTIFIER = "identifier.try2-0UITests";
				PRODUCT_NAME = "$(TARGET_NAME)";
				SWIFT_VERSION = 3.0;
				TEST_TARGET_NAME = try2.0;
			};
			name = Debug;
		};
		A3798C591DFF033A00D3E9C9 /* Release */ = {
			isa = XCBuildConfiguration;
			baseConfigurationReference = 4C9F0CF1C5FCE62120A3BD86 /* Pods-try2.0UITests.release.xcconfig */;
			buildSettings = {
				ALWAYS_EMBED_SWIFT_STANDARD_LIBRARIES = YES;
				INFOPLIST_FILE = try2.0UITests/Info.plist;
				LD_RUNPATH_SEARCH_PATHS = "$(inherited) @executable_path/Frameworks @loader_path/Frameworks";
				PRODUCT_BUNDLE_IDENTIFIER = "identifier.try2-0UITests";
				PRODUCT_NAME = "$(TARGET_NAME)";
				SWIFT_VERSION = 3.0;
				TEST_TARGET_NAME = try2.0;
			};
			name = Release;
		};
/* End XCBuildConfiguration section */

/* Begin XCConfigurationList section */
		A3798C241DFF033A00D3E9C9 /* Build configuration list for PBXProject "try2.0" */ = {
			isa = XCConfigurationList;
			buildConfigurations = (
				A3798C4F1DFF033A00D3E9C9 /* Debug */,
				A3798C501DFF033A00D3E9C9 /* Release */,
			);
			defaultConfigurationIsVisible = 0;
			defaultConfigurationName = Release;
		};
		A3798C511DFF033A00D3E9C9 /* Build configuration list for PBXNativeTarget "try2.0" */ = {
			isa = XCConfigurationList;
			buildConfigurations = (
				A3798C521DFF033A00D3E9C9 /* Debug */,
				A3798C531DFF033A00D3E9C9 /* Release */,
			);
			defaultConfigurationIsVisible = 0;
			defaultConfigurationName = Release;
		};
		A3798C541DFF033A00D3E9C9 /* Build configuration list for PBXNativeTarget "try2.0Tests" */ = {
			isa = XCConfigurationList;
			buildConfigurations = (
				A3798C551DFF033A00D3E9C9 /* Debug */,
				A3798C561DFF033A00D3E9C9 /* Release */,
			);
			defaultConfigurationIsVisible = 0;
			defaultConfigurationName = Release;
		};
		A3798C571DFF033A00D3E9C9 /* Build configuration list for PBXNativeTarget "try2.0UITests" */ = {
			isa = XCConfigurationList;
			buildConfigurations = (
				A3798C581DFF033A00D3E9C9 /* Debug */,
				A3798C591DFF033A00D3E9C9 /* Release */,
			);
			defaultConfigurationIsVisible = 0;
			defaultConfigurationName = Release;
		};
/* End XCConfigurationList section */
	};
	rootObject = A3798C211DFF033A00D3E9C9 /* Project object */;
}
